{
  "nodes": {
    "flake-utils": {
      "inputs": {
        "systems": "systems"
      },
      "locked": {
        "lastModified": 1731533236,
        "narHash": "sha256-l0KFg5HjrsfsO/JpG+r7fRrqm12kzFHyUHqHCVpMMbI=",
        "owner": "numtide",
        "repo": "flake-utils",
        "rev": "11707dc2f618dd54ca8739b309ec4fc024de578b",
        "type": "github"
      },
      "original": {
        "owner": "numtide",
        "repo": "flake-utils",
        "type": "github"
      }
    },
    "home-manager": {
      "inputs": {
        "nixpkgs": [
          "nixpkgs"
        ]
      },
      "locked": {
        "lastModified": 1783963347,
        "narHash": "sha256-r376E2XpakiXwModDHIxlvB6qLq4iFVEq730vxOO4JY=",
        "owner": "nix-community",
        "repo": "home-manager",
        "rev": "a45a7c451455a51ae740ec3bce4024b312809c29",
        "type": "github"
      },
      "original": {
        "owner": "nix-community",
        "ref": "master",
        "repo": "home-manager",
        "type": "github"
      }
    },
    "nixpkgs": {
      "locked": {
        "lastModified": 1783915482,
        "narHash": "sha256-w9ktuEgDIWGsX58tR3nI5HBGNy1idO8KY4urO3msko0=",
        "rev": "6cdc7fc76e8bf7fde9fa43a849fcaaa70e230dee",
        "type": "tarball",
        "url": "https://releases.nixos.org/nixpkgs/nixpkgs-26.11pre1033616.6cdc7fc76e8b/nixexprs.tar.zst"
      },
      "original": {
        "type": "tarball",
        "url": "https://channels.nixos.org/nixpkgs-unstable/nixexprs.tar.zst"
      }
    },
    "noctalia": {
      "inputs": {
        "nixpkgs": [
          "nixpkgs"
        ]
      },
      "locked": {
        "lastModified": 1784051458,
        "narHash": "sha256-cuBymAStf7h7PLthNglWMbbPDCWByevYK7nQnnfOZvE=",
        "owner": "noctalia-dev",
        "repo": "noctalia-shell",
        "rev": "ad47fc233c977573da53f0d8aeff07543867d75c",
        "type": "github"
      },
      "original": {
        "owner": "noctalia-dev",
        "repo": "noctalia-shell",
        "type": "github"
      }
    },
    "noctalia-greeter": {
      "inputs": {
        "nixpkgs": [
          "nixpkgs"
        ]
      },
      "locked": {
        "lastModified": 1783960545,
        "narHash": "sha256-1hZOdPubaYy57amOjOzR5rMA4TZKXYGG2zbzHsS1r+0=",
        "owner": "noctalia-dev",
        "repo": "noctalia-greeter",
        "rev": "b07359813e7a0cb85469c79617a25258ddc1497d",
        "type": "github"
      },
      "original": {
        "owner": "noctalia-dev",
        "repo": "noctalia-greeter",
        "type": "github"
      }
    },
    "root": {
      "inputs": {
        "home-manager": "home-manager",
        "nixpkgs": "nixpkgs",
        "noctalia": "noctalia",
        "noctalia-greeter": "noctalia-greeter",
        "sf-pro": "sf-pro",
        "zen-browser": "zen-browser"
      }
    },
    "sf-pro": {
      "inputs": {
        "flake-utils": "flake-utils",
        "nixpkgs": [
          "nixpkgs"
        ]
      },
      "locked": {
        "lastModified": 1783882019,
        "narHash": "sha256-NPTOdUDU9RQNlTw0H6BzAvRWmePDFwXsbH6T8bVzsi8=",
        "owner": "mitchon",
        "repo": "sf-pro-flake",
        "rev": "ffd3e289a948a4cd51ae51d1387acaf542149490",
        "type": "github"
      },
      "original": {
        "owner": "mitchon",
        "repo": "sf-pro-flake",
        "type": "github"
      }
    },
    "systems": {
      "locked": {
        "lastModified": 1681028828,
        "narHash": "sha256-Vy1rq5AaRuLzOxct8nz4T6wlgyUR7zLU309k9mBC768=",
        "owner": "nix-systems",
        "repo": "default",
        "rev": "da67096a3b9bf56a91d16901293e51ba5b49a27e",
        "type": "github"
      },
      "original": {
        "owner": "nix-systems",
        "repo": "default",
        "type": "github"
      }
    },
    "zen-browser": {
      "inputs": {
        "nixpkgs": [
          "nixpkgs"
        ]
      },
      "locked": {
        "lastModified": 1783668749,
        "narHash": "sha256-EDJjJYGT5pQKTBqmz+OA2sqE20kjj6mP699JFGDzse4=",
        "owner": "youwen5",
        "repo": "zen-browser-flake",
        "rev": "e8041a3571e8cadb57dc18a3d6362d753510b94a",
        "type": "github"
      },
      "original": {
        "owner": "youwen5",
        "repo": "zen-browser-flake",
        "type": "github"
      }
    }
  },
  "root": "root",
  "version": 7
}
