{
  "nodes": {
    "disko": {
      "inputs": {
        "nixpkgs": [
          "nixpkgs"
        ]
      },
      "locked": {
        "lastModified": 1781152676,
        "narHash": "sha256-RxWs5ND31KzTG7wvMM+PMfUjyNpmIEr999lqNARaM5o=",
        "owner": "nix-community",
        "repo": "disko",
        "rev": "ff8702b4de27f72b4c78573dfb89ec74e36abdf1",
        "type": "github"
      },
      "original": {
        "owner": "nix-community",
        "repo": "disko",
        "type": "github"
      }
    },
    "flake-utils": {
      "inputs": {
        "systems": "systems"
      },
      "locked": {
        "lastModified": 1731533236,
        "narHash": "sha256-l0KFg5HjrsfsO/JpG+r7fRrqm12kzFHyUHqHCVpMMbI=",
        "owner": "numtide",
        "repo": "flake-utils",
        "rev": "11707dc2f618dd54ca8739b309ec4fc024de578b",
        "type": "github"
      },
      "original": {
        "owner": "numtide",
        "repo": "flake-utils",
        "type": "github"
      }
    },
    "home-manager": {
      "inputs": {
        "nixpkgs": [
          "nixpkgs"
        ]
      },
      "locked": {
        "lastModified": 1784581206,
        "narHash": "sha256-eQip1QdGbPI+F5fj6NizZgALagd13ag+HEK+Xc/ckyU=",
        "owner": "nix-community",
        "repo": "home-manager",
        "rev": "7834e3fb36a685e0cea0290312b4d200d06649ef",
        "type": "github"
      },
      "original": {
        "owner": "nix-community",
        "ref": "master",
        "repo": "home-manager",
        "type": "github"
      }
    },
    "nixpkgs": {
      "locked": {
        "lastModified": 1784555310,
        "narHash": "sha256-x8Suc10wDlysPVmLWoyifgL7p2wDoQbqRXU5r+qiTgo=",
        "rev": "421eebfd0ec7bccd4abe826ce62d7e6e83129493",
        "type": "tarball",
        "url": "https://releases.nixos.org/nixpkgs/nixpkgs-26.11pre1038038.421eebfd0ec7/nixexprs.tar.zst"
      },
      "original": {
        "type": "tarball",
        "url": "https://channels.nixos.org/nixpkgs-unstable/nixexprs.tar.zst"
      }
    },
    "noctalia": {
      "inputs": {
        "nixpkgs": [
          "nixpkgs"
        ]
      },
      "locked": {
        "lastModified": 1784556533,
        "narHash": "sha256-tlcP2x7d+ldS3BypTcInqrsOhi6BPuSSTeubfBMmm8Y=",
        "owner": "noctalia-dev",
        "repo": "noctalia-shell",
        "rev": "815635cf7dc810616c9e6ecf4b9b4f4c54e69905",
        "type": "github"
      },
      "original": {
        "owner": "noctalia-dev",
        "repo": "noctalia-shell",
        "type": "github"
      }
    },
    "noctalia-greeter": {
      "inputs": {
        "nixpkgs": [
          "nixpkgs"
        ]
      },
      "locked": {
        "lastModified": 1784579663,
        "narHash": "sha256-KB8zwZB/mmibinguo6Pz52akExxjJPtNz8eBkOkCOwA=",
        "owner": "noctalia-dev",
        "repo": "noctalia-greeter",
        "rev": "4ae13e2c5a05899cc93fa4c6b82ea709bd40c9de",
        "type": "github"
      },
      "original": {
        "owner": "noctalia-dev",
        "repo": "noctalia-greeter",
        "type": "github"
      }
    },
    "root": {
      "inputs": {
        "disko": "disko",
        "home-manager": "home-manager",
        "nixpkgs": "nixpkgs",
        "noctalia": "noctalia",
        "noctalia-greeter": "noctalia-greeter",
        "sf-pro": "sf-pro",
        "zen-browser": "zen-browser"
      }
    },
    "sf-pro": {
      "inputs": {
        "flake-utils": "flake-utils",
        "nixpkgs": [
          "nixpkgs"
        ]
      },
      "locked": {
        "lastModified": 1783882019,
        "narHash": "sha256-NPTOdUDU9RQNlTw0H6BzAvRWmePDFwXsbH6T8bVzsi8=",
        "owner": "mitchon",
        "repo": "sf-pro-flake",
        "rev": "ffd3e289a948a4cd51ae51d1387acaf542149490",
        "type": "github"
      },
      "original": {
        "owner": "mitchon",
        "repo": "sf-pro-flake",
        "type": "github"
      }
    },
    "systems": {
      "locked": {
        "lastModified": 1681028828,
        "narHash": "sha256-Vy1rq5AaRuLzOxct8nz4T6wlgyUR7zLU309k9mBC768=",
        "owner": "nix-systems",
        "repo": "default",
        "rev": "da67096a3b9bf56a91d16901293e51ba5b49a27e",
        "type": "github"
      },
      "original": {
        "owner": "nix-systems",
        "repo": "default",
        "type": "github"
      }
    },
    "zen-browser": {
      "inputs": {
        "nixpkgs": [
          "nixpkgs"
        ]
      },
      "locked": {
        "lastModified": 1784354557,
        "narHash": "sha256-z2XthIV/68GNghbqmaPVrShPIfMPwpZKTA47REKC5bA=",
        "owner": "youwen5",
        "repo": "zen-browser-flake",
        "rev": "239dc504b56eabcfc1dce945e7e22ca99694be89",
        "type": "github"
      },
      "original": {
        "owner": "youwen5",
        "repo": "zen-browser-flake",
        "type": "github"
      }
    }
  },
  "root": "root",
  "version": 7
}
